
Microsoft Visual Studio Solution File, Format Version 12.00
# Visual Studio Version 17
VisualStudioVersion = 17.5.33414.496
MinimumVisualStudioVersion = 10.0.40219.1
Project("{8BC9CEB8-8B4A-11D0-8D11-00A0C91BC942}") = "BOJ_1934", "BOJ_1934.vcxproj", "{7FFB4E52-F040-4E89-95FF-5963CB8A34FF}"
EndProject
Global
	GlobalSection(SolutionConfigurationPlatforms) = preSolution
		Debug|x64 = Debug|x64
		Release|x64 = Release|x64
	EndGlobalSection
	GlobalSection(ProjectConfigurationPlatforms) = postSolution
		{7FFB4E52-F040-4E89-95FF-5963CB8A34FF}.Debug|x64.ActiveCfg = Debug|x64
		{7FFB4E52-F040-4E89-95FF-5963CB8A34FF}.Debug|x64.Build.0 = Debug|x64
		{7FFB4E52-F040-4E89-95FF-5963CB8A34FF}.Release|x64.ActiveCfg = Release|x64
		{7FFB4E52-F040-4E89-95FF-5963CB8A34FF}.Release|x64.Build.0 = Release|x64
	EndGlobalSection
	GlobalSection(SolutionProperties) = preSolution
		HideSolutionNode = FALSE
	EndGlobalSection
	GlobalSection(ExtensibilityGlobals) = postSolution
		SolutionGuid = {93094035-F20E-48BF-8C6E-9F5A4CB25E56}
	EndGlobalSection
EndGlobal
